
Microsoft Visual Studio Solution File, Format Version 12.00
# Visual Studio Version 17
VisualStudioVersion = 17.8.34330.188
MinimumVisualStudioVersion = 10.0.40219.1
Project("{FAE04EC0-301F-11D3-BF4B-00C04F79EFBC}") = "DC2", "DC2.csproj", "{9F7CAFA4-5DE8-459A-AA61-B45895E3A469}"
EndProject
Global
	GlobalSection(SolutionConfigurationPlatforms) = preSolution
		Debug|Any CPU = Debug|Any CPU
		Release|Any CPU = Release|Any CPU
	EndGlobalSection
	GlobalSection(ProjectConfigurationPlatforms) = postSolution
		{9F7CAFA4-5DE8-459A-AA61-B45895E3A469}.Debug|Any CPU.ActiveCfg = Debug|Any CPU
		{9F7CAFA4-5DE8-459A-AA61-B45895E3A469}.Debug|Any CPU.Build.0 = Debug|Any CPU
		{9F7CAFA4-5DE8-459A-AA61-B45895E3A469}.Release|Any CPU.ActiveCfg = Release|Any CPU
		{9F7CAFA4-5DE8-459A-AA61-B45895E3A469}.Release|Any CPU.Build.0 = Release|Any CPU
	EndGlobalSection
	GlobalSection(SolutionProperties) = preSolution
		HideSolutionNode = FALSE
	EndGlobalSection
	GlobalSection(ExtensibilityGlobals) = postSolution
		SolutionGuid = {3F1C53CD-CCF1-4660-909B-17F20CB5E325}
	EndGlobalSection
EndGlobal
